Microsoft Visual Studio Solution File, Format Version 12.00
# Visual Studio Version 17
VisualStudioVersion = 17.5.2.0
MinimumVisualStudioVersion = 10.0.40219.1
Project("{FAE04EC0-301F-11D3-BF4B-00C04F79EFBC}") = "PickleballClub", "PickleballClub\PickleballClub.csproj", "{87EB4366-E14E-0140-E0D4-28F422E75341}"
EndProject
Global
	GlobalSection(SolutionConfigurationPlatforms) = preSolution
		Debug|Any CPU = Debug|Any CPU
		Release|Any CPU = Release|Any CPU
	EndGlobalSection
	GlobalSection(ProjectConfigurationPlatforms) = postSolution
		{87EB4366-E14E-0140-E0D4-28F422E75341}.Debug|Any CPU.ActiveCfg = Debug|Any CPU
		{87EB4366-E14E-0140-E0D4-28F422E75341}.Debug|Any CPU.Build.0 = Debug|Any CPU
		{87EB4366-E14E-0140-E0D4-28F422E75341}.Release|Any CPU.ActiveCfg = Release|Any CPU
		{87EB4366-E14E-0140-E0D4-28F422E75341}.Release|Any CPU.Build.0 = Release|Any CPU
	EndGlobalSection
	GlobalSection(SolutionProperties) = preSolution
		HideSolutionNode = FALSE
	EndGlobalSection
	GlobalSection(ExtensibilityGlobals) = postSolution
		SolutionGuid = {EC7AB4B4-2913-4BD2-93F5-4919D22387DE}
	EndGlobalSection
EndGlobal
